
Microsoft Visual Studio Solution File, Format Version 12.00
# Visual Studio Version 17
VisualStudioVersion = 17.4.33403.182
MinimumVisualStudioVersion = 10.0.40219.1
Project("{FAE04EC0-301F-11D3-BF4B-00C04F79EFBC}") = "SafeHealth", "SafeHealth.csproj", "{C687C8BD-A994-4943-9733-44DD7BBECEBF}"
EndProject
Global
	GlobalSection(SolutionConfigurationPlatforms) = preSolution
		Debug|Any CPU = Debug|Any CPU
		Release|Any CPU = Release|Any CPU
	EndGlobalSection
	GlobalSection(ProjectConfigurationPlatforms) = postSolution
		{C687C8BD-A994-4943-9733-44DD7BBECEBF}.Debug|Any CPU.ActiveCfg = Debug|Any CPU
		{C687C8BD-A994-4943-9733-44DD7BBECEBF}.Debug|Any CPU.Build.0 = Debug|Any CPU
		{C687C8BD-A994-4943-9733-44DD7BBECEBF}.Release|Any CPU.ActiveCfg = Release|Any CPU
		{C687C8BD-A994-4943-9733-44DD7BBECEBF}.Release|Any CPU.Build.0 = Release|Any CPU
	EndGlobalSection
	GlobalSection(SolutionProperties) = preSolution
		HideSolutionNode = FALSE
	EndGlobalSection
	GlobalSection(ExtensibilityGlobals) = postSolution
		SolutionGuid = {E086A02E-E850-45EE-B159-2D77EC9023D6}
	EndGlobalSection
EndGlobal
